
Microsoft Visual Studio Solution File, Format Version 12.00
# Visual Studio 15
VisualStudioVersion = 15.0.27703.2042
MinimumVisualStudioVersion = 10.0.40219.1
Project("{9A19103F-16F7-4668-BE54-9A1E7A4F7556}") = "BasicIEnumerator", "BasicIEnumerator\BasicIEnumerator.csproj", "{C1AAD0C3-CE4F-44FE-B68B-AD505D070C7D}"
EndProject
Project("{9A19103F-16F7-4668-BE54-9A1E7A4F7556}") = "SqliteNhibernate", "SqliteNhibernate\SqliteNhibernate.csproj", "{11872566-06BA-4CF3-B0ED-FD32D611EB9B}"
EndProject
Global
	GlobalSection(SolutionConfigurationPlatforms) = preSolution
		Debug|Any CPU = Debug|Any CPU
		Release|Any CPU = Release|Any CPU
	EndGlobalSection
	GlobalSection(ProjectConfigurationPlatforms) = postSolution
		{C1AAD0C3-CE4F-44FE-B68B-AD505D070C7D}.Debug|Any CPU.ActiveCfg = Debug|Any CPU
		{C1AAD0C3-CE4F-44FE-B68B-AD505D070C7D}.Debug|Any CPU.Build.0 = Debug|Any CPU
		{C1AAD0C3-CE4F-44FE-B68B-AD505D070C7D}.Release|Any CPU.ActiveCfg = Release|Any CPU
		{C1AAD0C3-CE4F-44FE-B68B-AD505D070C7D}.Release|Any CPU.Build.0 = Release|Any CPU
		{11872566-06BA-4CF3-B0ED-FD32D611EB9B}.Debug|Any CPU.ActiveCfg = Debug|Any CPU
		{11872566-06BA-4CF3-B0ED-FD32D611EB9B}.Debug|Any CPU.Build.0 = Debug|Any CPU
		{11872566-06BA-4CF3-B0ED-FD32D611EB9B}.Release|Any CPU.ActiveCfg = Release|Any CPU
		{11872566-06BA-4CF3-B0ED-FD32D611EB9B}.Release|Any CPU.Build.0 = Release|Any CPU
	EndGlobalSection
	GlobalSection(SolutionProperties) = preSolution
		HideSolutionNode = FALSE
	EndGlobalSection
	GlobalSection(ExtensibilityGlobals) = postSolution
		SolutionGuid = {6FBE69B3-553D-414A-AEC5-D229C10EB110}
	EndGlobalSection
EndGlobal
