Microsoft Visual Studio Solution File, Format Version 12.00
# Visual Studio 15
VisualStudioVersion = 15.0.27703.2042
MinimumVisualStudioVersion = 10.0.40219.1
Project("{6FDC6B1C-EFD6-409D-B9B7-5FE47676F0F5}") = "BasicIEnumerator", "BasicIEnumerator.csproj", "{7DA1C7E8-05DF-4D18-AC1D-7549B09E34EC}"
EndProject
Global
	GlobalSection(SolutionConfigurationPlatforms) = preSolution
		Debug|Any CPU = Debug|Any CPU
		Release|Any CPU = Release|Any CPU
	EndGlobalSection
	GlobalSection(ProjectConfigurationPlatforms) = postSolution
		{7DA1C7E8-05DF-4D18-AC1D-7549B09E34EC}.Debug|Any CPU.ActiveCfg = Debug|Any CPU
		{7DA1C7E8-05DF-4D18-AC1D-7549B09E34EC}.Debug|Any CPU.Build.0 = Debug|Any CPU
		{7DA1C7E8-05DF-4D18-AC1D-7549B09E34EC}.Release|Any CPU.ActiveCfg = Release|Any CPU
		{7DA1C7E8-05DF-4D18-AC1D-7549B09E34EC}.Release|Any CPU.Build.0 = Release|Any CPU
	EndGlobalSection
	GlobalSection(SolutionProperties) = preSolution
		HideSolutionNode = FALSE
	EndGlobalSection
	GlobalSection(ExtensibilityGlobals) = postSolution
		SolutionGuid = {E2805C58-A913-46E4-ACC0-20D38844E67D}
	EndGlobalSection
EndGlobal
