
Microsoft Visual Studio Solution File, Format Version 12.00
# Visual Studio 15
VisualStudioVersion = 15.0.27703.2042
MinimumVisualStudioVersion = 10.0.40219.1
Project("{FAE04EC0-301F-11D3-BF4B-00C04F79EFBC}") = "SqliteNhibernate", "SqliteNhibernate.csproj", "{5BFB17C1-6120-4D8F-985D-C24E5860E52C}"
EndProject
Global
	GlobalSection(SolutionConfigurationPlatforms) = preSolution
		Debug|Any CPU = Debug|Any CPU
		Release|Any CPU = Release|Any CPU
	EndGlobalSection
	GlobalSection(ProjectConfigurationPlatforms) = postSolution
		{5BFB17C1-6120-4D8F-985D-C24E5860E52C}.Debug|Any CPU.ActiveCfg = Debug|Any CPU
		{5BFB17C1-6120-4D8F-985D-C24E5860E52C}.Debug|Any CPU.Build.0 = Debug|Any CPU
		{5BFB17C1-6120-4D8F-985D-C24E5860E52C}.Release|Any CPU.ActiveCfg = Release|Any CPU
		{5BFB17C1-6120-4D8F-985D-C24E5860E52C}.Release|Any CPU.Build.0 = Release|Any CPU
	EndGlobalSection
	GlobalSection(SolutionProperties) = preSolution
		HideSolutionNode = FALSE
	EndGlobalSection
	GlobalSection(ExtensibilityGlobals) = postSolution
		SolutionGuid = {E2805C58-A913-46E4-ACC0-20D38844E67D}
	EndGlobalSection
EndGlobal
